
Microsoft Visual Studio Solution File, Format Version 12.00
# Visual Studio Version 16
VisualStudioVersion = 16.0.29905.134
MinimumVisualStudioVersion = 10.0.40219.1
Project("{9A19103F-16F7-4668-BE54-9A1E7A4F7556}") = "Console Questions", "ABM Developer Test\Console Questions.csproj", "{3902A911-8341-4AA2-9F43-FA06B9BB6807}"
EndProject
Project("{FAE04EC0-301F-11D3-BF4B-00C04F79EFBC}") = "WebApplication1", "WebApplication1\WebApplication1.csproj", "{A1C29C0F-B87D-4E38-A81A-4DA1120E555C}"
EndProject
Global
	GlobalSection(SolutionConfigurationPlatforms) = preSolution
		Debug|Any CPU = Debug|Any CPU
		Release|Any CPU = Release|Any CPU
	EndGlobalSection
	GlobalSection(ProjectConfigurationPlatforms) = postSolution
		{3902A911-8341-4AA2-9F43-FA06B9BB6807}.Debug|Any CPU.ActiveCfg = Debug|Any CPU
		{3902A911-8341-4AA2-9F43-FA06B9BB6807}.Debug|Any CPU.Build.0 = Debug|Any CPU
		{3902A911-8341-4AA2-9F43-FA06B9BB6807}.Release|Any CPU.ActiveCfg = Release|Any CPU
		{3902A911-8341-4AA2-9F43-FA06B9BB6807}.Release|Any CPU.Build.0 = Release|Any CPU
		{A1C29C0F-B87D-4E38-A81A-4DA1120E555C}.Debug|Any CPU.ActiveCfg = Debug|Any CPU
		{A1C29C0F-B87D-4E38-A81A-4DA1120E555C}.Debug|Any CPU.Build.0 = Debug|Any CPU
		{A1C29C0F-B87D-4E38-A81A-4DA1120E555C}.Release|Any CPU.ActiveCfg = Release|Any CPU
		{A1C29C0F-B87D-4E38-A81A-4DA1120E555C}.Release|Any CPU.Build.0 = Release|Any CPU
	EndGlobalSection
	GlobalSection(SolutionProperties) = preSolution
		HideSolutionNode = FALSE
	EndGlobalSection
	GlobalSection(ExtensibilityGlobals) = postSolution
		SolutionGuid = {18D61536-6919-4F32-92BB-10301D646B0F}
	EndGlobalSection
EndGlobal
